// !$*UTF8*$!
{
	archiveVersion = 1;
	classes = {
	};
	objectVersion = 77;
	objects = {

/* Begin PBXContainerItemProxy section */
		724090CD2CBB5AD000910F98 /* PBXContainerItemProxy */ = {
			isa = PBXContainerItemProxy;
			containerPortal = 724090B22CBB5ACE00910F98 /* Project object */;
			proxyType = 1;
			remoteGlobalIDString = 724090B92CBB5ACE00910F98;
			remoteInfo = "GCI-200(1)";
		};
		724090D72CBB5AD000910F98 /* PBXContainerItemProxy */ = {
			isa = PBXContainerItemProxy;
			containerPortal = 724090B22CBB5ACE00910F98 /* Project object */;
			proxyType = 1;
			remoteGlobalIDString = 724090B92CBB5ACE00910F98;
			remoteInfo = "GCI-200(1)";
		};
/* End PBXContainerItemProxy section */

/* Begin PBXFileReference section */
		724090BA2CBB5ACE00910F98 /* GCI-200(1).app */ = {isa = PBXFileReference; explicitFileType = wrapper.application; includeInIndex = 0; path = "GCI-200(1).app"; sourceTree = BUILT_PRODUCTS_DIR; };
		724090CC2CBB5AD000910F98 /* GCI-200(1)Tests.xctest */ = {isa = PBXFileReference; explicitFileType = wrapper.cfbundle; includeInIndex = 0; path = "GCI-200(1)Tests.xctest"; sourceTree = BUILT_PRODUCTS_DIR; };
		724090D62CBB5AD000910F98 /* GCI-200(1)UITests.xctest */ = {isa = PBXFileReference; explicitFileType = wrapper.cfbundle; includeInIndex = 0; path = "GCI-200(1)UITests.xctest"; sourceTree = BUILT_PRODUCTS_DIR; };
/* End PBXFileReference section */

/* Begin PBXFileSystemSynchronizedRootGroup section */
		724090BC2CBB5ACE00910F98 /* GCI-200(1) */ = {
			isa = PBXFileSystemSynchronizedRootGroup;
			path = "GCI-200(1)";
			sourceTree = "<group>";
		};
		724090CF2CBB5AD000910F98 /* GCI-200(1)Tests */ = {
			isa = PBXFileSystemSynchronizedRootGroup;
			path = "GCI-200(1)Tests";
			sourceTree = "<group>";
		};
		724090D92CBB5AD000910F98 /* GCI-200(1)UITests */ = {
			isa = PBXFileSystemSynchronizedRootGroup;
			path = "GCI-200(1)UITests";
			sourceTree = "<group>";
		};
/* End PBXFileSystemSynchronizedRootGroup section */

/* Begin PBXFrameworksBuildPhase section */
		724090B72CBB5ACE00910F98 /* Frameworks */ = {
			isa = PBXFrameworksBuildPhase;
			buildActionMask = 2147483647;
			files = (
			);
			runOnlyForDeploymentPostprocessing = 0;
		};
		724090C92CBB5AD000910F98 /* Frameworks */ = {
			isa = PBXFrameworksBuildPhase;
			buildActionMask = 2147483647;
			files = (
			);
			runOnlyForDeploymentPostprocessing = 0;
		};
		724090D32CBB5AD000910F98 /* Frameworks */ = {
			isa = PBXFrameworksBuildPhase;
			buildActionMask = 2147483647;
			files = (
			);
			runOnlyForDeploymentPostprocessing = 0;
		};
/* End PBXFrameworksBuildPhase section */

/* Begin PBXGroup section */
		724090B12CBB5ACE00910F98 = {
			isa = PBXGroup;
			children = (
				724090BC2CBB5ACE00910F98 /* GCI-200(1) */,
				724090CF2CBB5AD000910F98 /* GCI-200(1)Tests */,
				724090D92CBB5AD000910F98 /* GCI-200(1)UITests */,
				724090BB2CBB5ACE00910F98 /* Products */,
			);
			sourceTree = "<group>";
		};
		724090BB2CBB5ACE00910F98 /* Products */ = {
			isa = PBXGroup;
			children = (
				724090BA2CBB5ACE00910F98 /* GCI-200(1).app */,
				724090CC2CBB5AD000910F98 /* GCI-200(1)Tests.xctest */,
				724090D62CBB5AD000910F98 /* GCI-200(1)UITests.xctest */,
			);
			name = Products;
			sourceTree = "<group>";
		};
/* End PBXGroup section */

/* Begin PBXNativeTarget section */
		724090B92CBB5ACE00910F98 /* GCI-200(1) */ = {
			isa = PBXNativeTarget;
			buildConfigurationList = 724090E02CBB5AD000910F98 /* Build configuration list for PBXNativeTarget "GCI-200(1)" */;
			buildPhases = (
				724090B62CBB5ACE00910F98 /* Sources */,
				724090B72CBB5ACE00910F98 /* Frameworks */,
				724090B82CBB5ACE00910F98 /* Resources */,
			);
			buildRules = (
			);
			dependencies = (
			);
			fileSystemSynchronizedGroups = (
				724090BC2CBB5ACE00910F98 /* GCI-200(1) */,
			);
			name = "GCI-200(1)";
			packageProductDependencies = (
			);
			productName = "GCI-200(1)";
			productReference = 724090BA2CBB5ACE00910F98 /* GCI-200(1).app */;
			productType = "com.apple.product-type.application";
		};
		724090CB2CBB5AD000910F98 /* GCI-200(1)Tests */ = {
			isa = PBXNativeTarget;
			buildConfigurationList = 724090E32CBB5AD000910F98 /* Build configuration list for PBXNativeTarget "GCI-200(1)Tests" */;
			buildPhases = (
				724090C82CBB5AD000910F98 /* Sources */,
				724090C92CBB5AD000910F98 /* Frameworks */,
				724090CA2CBB5AD000910F98 /* Resources */,
			);
			buildRules = (
			);
			dependencies = (
				724090CE2CBB5AD000910F98 /* PBXTargetDependency */,
			);
			fileSystemSynchronizedGroups = (
				724090CF2CBB5AD000910F98 /* GCI-200(1)Tests */,
			);
			name = "GCI-200(1)Tests";
			packageProductDependencies = (
			);
			productName = "GCI-200(1)Tests";
			productReference = 724090CC2CBB5AD000910F98 /* GCI-200(1)Tests.xctest */;
			productType = "com.apple.product-type.bundle.unit-test";
		};
		724090D52CBB5AD000910F98 /* GCI-200(1)UITests */ = {
			isa = PBXNativeTarget;
			buildConfigurationList = 724090E62CBB5AD000910F98 /* Build configuration list for PBXNativeTarget "GCI-200(1)UITests" */;
			buildPhases = (
				724090D22CBB5AD000910F98 /* Sources */,
				724090D32CBB5AD000910F98 /* Frameworks */,
				724090D42CBB5AD000910F98 /* Resources */,
			);
			buildRules = (
			);
			dependencies = (
				724090D82CBB5AD000910F98 /* PBXTargetDependency */,
			);
			fileSystemSynchronizedGroups = (
				724090D92CBB5AD000910F98 /* GCI-200(1)UITests */,
			);
			name = "GCI-200(1)UITests";
			packageProductDependencies = (
			);
			productName = "GCI-200(1)UITests";
			productReference = 724090D62CBB5AD000910F98 /* GCI-200(1)UITests.xctest */;
			productType = "com.apple.product-type.bundle.ui-testing";
		};
/* End PBXNativeTarget section */

/* Begin PBXProject section */
		724090B22CBB5ACE00910F98 /* Project object */ = {
			isa = PBXProject;
			attributes = {
				BuildIndependentTargetsInParallel = 1;
				LastSwiftUpdateCheck = 1600;
				LastUpgradeCheck = 1600;
				TargetAttributes = {
					724090B92CBB5ACE00910F98 = {
						CreatedOnToolsVersion = 16.0;
					};
					724090CB2CBB5AD000910F98 = {
						CreatedOnToolsVersion = 16.0;
						TestTargetID = 724090B92CBB5ACE00910F98;
					};
					724090D52CBB5AD000910F98 = {
						CreatedOnToolsVersion = 16.0;
						TestTargetID = 724090B92CBB5ACE00910F98;
					};
				};
			};
			buildConfigurationList = 724090B52CBB5ACE00910F98 /* Build configuration list for PBXProject "GCI-200(1)" */;
			developmentRegion = en;
			hasScannedForEncodings = 0;
			knownRegions = (
				en,
				Base,
			);
			mainGroup = 724090B12CBB5ACE00910F98;
			minimizedProjectReferenceProxies = 1;
			preferredProjectObjectVersion = 77;
			productRefGroup = 724090BB2CBB5ACE00910F98 /* Products */;
			projectDirPath = "";
			projectRoot = "";
			targets = (
				724090B92CBB5ACE00910F98 /* GCI-200(1) */,
				724090CB2CBB5AD000910F98 /* GCI-200(1)Tests */,
				724090D52CBB5AD000910F98 /* GCI-200(1)UITests */,
			);
		};
/* End PBXProject section */

/* Begin PBXResourcesBuildPhase section */
		724090B82CBB5ACE00910F98 /* Resources */ = {
			isa = PBXResourcesBuildPhase;
			buildActionMask = 2147483647;
			files = (
			);
			runOnlyForDeploymentPostprocessing = 0;
		};
		724090CA2CBB5AD000910F98 /* Resources */ = {
			isa = PBXResourcesBuildPhase;
			buildActionMask = 2147483647;
			files = (
			);
			runOnlyForDeploymentPostprocessing = 0;
		};
		724090D42CBB5AD000910F98 /* Resources */ = {
			isa = PBXResourcesBuildPhase;
			buildActionMask = 2147483647;
			files = (
			);
			runOnlyForDeploymentPostprocessing = 0;
		};
/* End PBXResourcesBuildPhase section */

/* Begin PBXSourcesBuildPhase section */
		724090B62CBB5ACE00910F98 /* Sources */ = {
			isa = PBXSourcesBuildPhase;
			buildActionMask = 2147483647;
			files = (
			);
			runOnlyForDeploymentPostprocessing = 0;
		};
		724090C82CBB5AD000910F98 /* Sources */ = {
			isa = PBXSourcesBuildPhase;
			buildActionMask = 2147483647;
			files = (
			);
			runOnlyForDeploymentPostprocessing = 0;
		};
		724090D22CBB5AD000910F98 /* Sources */ = {
			isa = PBXSourcesBuildPhase;
			buildActionMask = 2147483647;
			files = (
			);
			runOnlyForDeploymentPostprocessing = 0;
		};
/* End PBXSourcesBuildPhase section */

/* Begin PBXTargetDependency section */
		724090CE2CBB5AD000910F98 /* PBXTargetDependency */ = {
			isa = PBXTargetDependency;
			target = 724090B92CBB5ACE00910F98 /* GCI-200(1) */;
			targetProxy = 724090CD2CBB5AD000910F98 /* PBXContainerItemProxy */;
		};
		724090D82CBB5AD000910F98 /* PBXTargetDependency */ = {
			isa = PBXTargetDependency;
			target = 724090B92CBB5ACE00910F98 /* GCI-200(1) */;
			targetProxy = 724090D72CBB5AD000910F98 /* PBXContainerItemProxy */;
		};
/* End PBXTargetDependency section */

/* Begin XCBuildConfiguration section */
		724090DE2CBB5AD000910F98 /* Debug */ = {
			isa = XCBuildConfiguration;
			buildSettings = {
				ALWAYS_SEARCH_USER_PATHS = NO;
				ASSETCATALOG_COMPILER_GENERATE_SWIFT_ASSET_SYMBOL_EXTENSIONS = YES;
				CLANG_ANALYZER_NONNULL = YES;
				CLANG_ANALYZER_NUMBER_OBJECT_CONVERSION = YES_AGGRESSIVE;
				CLANG_CXX_LANGUAGE_STANDARD = "gnu++20";
				CLANG_ENABLE_MODULES = YES;
				CLANG_ENABLE_OBJC_ARC = YES;
				CLANG_ENABLE_OBJC_WEAK = YES;
				CLANG_WARN_BLOCK_CAPTURE_AUTORELEASING = YES;
				CLANG_WARN_BOOL_CONVERSION = YES;
				CLANG_WARN_COMMA = YES;
				CLANG_WARN_CONSTANT_CONVERSION = YES;
				CLANG_WARN_DEPRECATED_OBJC_IMPLEMENTATIONS = YES;
				CLANG_WARN_DIRECT_OBJC_ISA_USAGE = YES_ERROR;
				CLANG_WARN_DOCUMENTATION_COMMENTS = YES;
				CLANG_WARN_EMPTY_BODY = YES;
				CLANG_WARN_ENUM_CONVERSION = YES;
				CLANG_WARN_INFINITE_RECURSION = YES;
				CLANG_WARN_INT_CONVERSION = YES;
				CLANG_WARN_NON_LITERAL_NULL_CONVERSION = YES;
				CLANG_WARN_OBJC_IMPLICIT_RETAIN_SELF = YES;
				CLANG_WARN_OBJC_LITERAL_CONVERSION = YES;
				CLANG_WARN_OBJC_ROOT_CLASS = YES_ERROR;
				CLANG_WARN_QUOTED_INCLUDE_IN_FRAMEWORK_HEADER = YES;
				CLANG_WARN_RANGE_LOOP_ANALYSIS = YES;
				CLANG_WARN_STRICT_PROTOTYPES = YES;
				CLANG_WARN_SUSPICIOUS_MOVE = YES;
				CLANG_WARN_UNGUARDED_AVAILABILITY = YES_AGGRESSIVE;
				CLANG_WARN_UNREACHABLE_CODE = YES;
				CLANG_WARN__DUPLICATE_METHOD_MATCH = YES;
				COPY_PHASE_STRIP = NO;
				DEBUG_INFORMATION_FORMAT = dwarf;
				ENABLE_STRICT_OBJC_MSGSEND = YES;
				ENABLE_TESTABILITY = YES;
				ENABLE_USER_SCRIPT_SANDBOXING = YES;
				GCC_C_LANGUAGE_STANDARD = gnu17;
				GCC_DYNAMIC_NO_PIC = NO;
				GCC_NO_COMMON_BLOCKS = YES;
				GCC_OPTIMIZATION_LEVEL = 0;
				GCC_PREPROCESSOR_DEFINITIONS = (
					"DEBUG=1",
					"$(inherited)",
				);
				GCC_WARN_64_TO_32_BIT_CONVERSION = YES;
				GCC_WARN_ABOUT_RETURN_TYPE = YES_ERROR;
				GCC_WARN_UNDECLARED_SELECTOR = YES;
				GCC_WARN_UNINITIALIZED_AUTOS = YES_AGGRESSIVE;
				GCC_WARN_UNUSED_FUNCTION = YES;
				GCC_WARN_UNUSED_VARIABLE = YES;
				IPHONEOS_DEPLOYMENT_TARGET = 18.0;
				LOCALIZATION_PREFERS_STRING_CATALOGS = YES;
				MTL_ENABLE_DEBUG_INFO = INCLUDE_SOURCE;
				MTL_FAST_MATH = YES;
				ONLY_ACTIVE_ARCH = YES;
				SDKROOT = iphoneos;
				SWIFT_ACTIVE_COMPILATION_CONDITIONS = "DEBUG $(inherited)";
				SWIFT_OPTIMIZATION_LEVEL = "-Onone";
			};
			name = Debug;
		};
		724090DF2CBB5AD000910F98 /* Release */ = {
			isa = XCBuildConfiguration;
			buildSettings = {
				ALWAYS_SEARCH_USER_PATHS = NO;
				ASSETCATALOG_COMPILER_GENERATE_SWIFT_ASSET_SYMBOL_EXTENSIONS = YES;
				CLANG_ANALYZER_NONNULL = YES;
				CLANG_ANALYZER_NUMBER_OBJECT_CONVERSION = YES_AGGRESSIVE;
				CLANG_CXX_LANGUAGE_STANDARD = "gnu++20";
				CLANG_ENABLE_MODULES = YES;
				CLANG_ENABLE_OBJC_ARC = YES;
				CLANG_ENABLE_OBJC_WEAK = YES;
				CLANG_WARN_BLOCK_CAPTURE_AUTORELEASING = YES;
				CLANG_WARN_BOOL_CONVERSION = YES;
				CLANG_WARN_COMMA = YES;
				CLANG_WARN_CONSTANT_CONVERSION = YES;
				CLANG_WARN_DEPRECATED_OBJC_IMPLEMENTATIONS = YES;
				CLANG_WARN_DIRECT_OBJC_ISA_USAGE = YES_ERROR;
				CLANG_WARN_DOCUMENTATION_COMMENTS = YES;
				CLANG_WARN_EMPTY_BODY = YES;
				CLANG_WARN_ENUM_CONVERSION = YES;
				CLANG_WARN_INFINITE_RECURSION = YES;
				CLANG_WARN_INT_CONVERSION = YES;
				CLANG_WARN_NON_LITERAL_NULL_CONVERSION = YES;
				CLANG_WARN_OBJC_IMPLICIT_RETAIN_SELF = YES;
				CLANG_WARN_OBJC_LITERAL_CONVERSION = YES;
				CLANG_WARN_OBJC_ROOT_CLASS = YES_ERROR;
				CLANG_WARN_QUOTED_INCLUDE_IN_FRAMEWORK_HEADER = YES;
				CLANG_WARN_RANGE_LOOP_ANALYSIS = YES;
				CLANG_WARN_STRICT_PROTOTYPES = YES;
				CLANG_WARN_SUSPICIOUS_MOVE = YES;
				CLANG_WARN_UNGUARDED_AVAILABILITY = YES_AGGRESSIVE;
				CLANG_WARN_UNREACHABLE_CODE = YES;
				CLANG_WARN__DUPLICATE_METHOD_MATCH = YES;
				COPY_PHASE_STRIP = NO;
				DEBUG_INFORMATION_FORMAT = "dwarf-with-dsym";
				ENABLE_NS_ASSERTIONS = NO;
				ENABLE_STRICT_OBJC_MSGSEND = YES;
				ENABLE_USER_SCRIPT_SANDBOXING = YES;
				GCC_C_LANGUAGE_STANDARD = gnu17;
				GCC_NO_COMMON_BLOCKS = YES;
				GCC_WARN_64_TO_32_BIT_CONVERSION = YES;
				GCC_WARN_ABOUT_RETURN_TYPE = YES_ERROR;
				GCC_WARN_UNDECLARED_SELECTOR = YES;
				GCC_WARN_UNINITIALIZED_AUTOS = YES_AGGRESSIVE;
				GCC_WARN_UNUSED_FUNCTION = YES;
				GCC_WARN_UNUSED_VARIABLE = YES;
				IPHONEOS_DEPLOYMENT_TARGET = 18.0;
				LOCALIZATION_PREFERS_STRING_CATALOGS = YES;
				MTL_ENABLE_DEBUG_INFO = NO;
				MTL_FAST_MATH = YES;
				SDKROOT = iphoneos;
				SWIFT_COMPILATION_MODE = wholemodule;
				VALIDATE_PRODUCT = YES;
			};
			name = Release;
		};
		724090E12CBB5AD000910F98 /* Debug */ = {
			isa = XCBuildConfiguration;
			buildSettings = {
				ASSETCATALOG_COMPILER_APPICON_NAME = AppIcon;
				ASSETCATALOG_COMPILER_GLOBAL_ACCENT_COLOR_NAME = AccentColor;
				CODE_SIGN_STYLE = Automatic;
				CURRENT_PROJECT_VERSION = 1;
				DEVELOPMENT_ASSET_PATHS = "\"GCI-200(1)/Preview Content\"";
				ENABLE_PREVIEWS = YES;
				GENERATE_INFOPLIST_FILE = YES;
				INFOPLIST_KEY_UIApplicationSceneManifest_Generation = YES;
				INFOPLIST_KEY_UIApplicationSupportsIndirectInputEvents = YES;
				INFOPLIST_KEY_UILaunchScreen_Generation = YES;
				INFOPLIST_KEY_UISupportedInterfaceOrientations_iPad = "UIInterfaceOrientationPortrait UIInterfaceOrientationPortraitUpsideDown UIInterfaceOrientationLandscapeLeft UIInterfaceOrientationLandscapeRight";
				INFOPLIST_KEY_UISupportedInterfaceOrientations_iPhone = "UIInterfaceOrientationPortrait UIInterfaceOrientationLandscapeLeft UIInterfaceOrientationLandscapeRight";
				LD_RUNPATH_SEARCH_PATHS = (
					"$(inherited)",
					"@executable_path/Frameworks",
				);
				MARKETING_VERSION = 1.0;
				PRODUCT_BUNDLE_IDENTIFIER = "Team-Focus.GCI-200-1-";
				PRODUCT_NAME = "$(TARGET_NAME)";
				SWIFT_EMIT_LOC_STRINGS = YES;
				SWIFT_VERSION = 5.0;
				TARGETED_DEVICE_FAMILY = "1,2";
			};
			name = Debug;
		};
		724090E22CBB5AD000910F98 /* Release */ = {
			isa = XCBuildConfiguration;
			buildSettings = {
				ASSETCATALOG_COMPILER_APPICON_NAME = AppIcon;
				ASSETCATALOG_COMPILER_GLOBAL_ACCENT_COLOR_NAME = AccentColor;
				CODE_SIGN_STYLE = Automatic;
				CURRENT_PROJECT_VERSION = 1;
				DEVELOPMENT_ASSET_PATHS = "\"GCI-200(1)/Preview Content\"";
				ENABLE_PREVIEWS = YES;
				GENERATE_INFOPLIST_FILE = YES;
				INFOPLIST_KEY_UIApplicationSceneManifest_Generation = YES;
				INFOPLIST_KEY_UIApplicationSupportsIndirectInputEvents = YES;
				INFOPLIST_KEY_UILaunchScreen_Generation = YES;
				INFOPLIST_KEY_UISupportedInterfaceOrientations_iPad = "UIInterfaceOrientationPortrait UIInterfaceOrientationPortraitUpsideDown UIInterfaceOrientationLandscapeLeft UIInterfaceOrientationLandscapeRight";
				INFOPLIST_KEY_UISupportedInterfaceOrientations_iPhone = "UIInterfaceOrientationPortrait UIInterfaceOrientationLandscapeLeft UIInterfaceOrientationLandscapeRight";
				LD_RUNPATH_SEARCH_PATHS = (
					"$(inherited)",
					"@executable_path/Frameworks",
				);
				MARKETING_VERSION = 1.0;
				PRODUCT_BUNDLE_IDENTIFIER = "Team-Focus.GCI-200-1-";
				PRODUCT_NAME = "$(TARGET_NAME)";
				SWIFT_EMIT_LOC_STRINGS = YES;
				SWIFT_VERSION = 5.0;
				TARGETED_DEVICE_FAMILY = "1,2";
			};
			name = Release;
		};
		724090E42CBB5AD000910F98 /* Debug */ = {
			isa = XCBuildConfiguration;
			buildSettings = {
				BUNDLE_LOADER = "$(TEST_HOST)";
				CODE_SIGN_STYLE = Automatic;
				CURRENT_PROJECT_VERSION = 1;
				GENERATE_INFOPLIST_FILE = YES;
				IPHONEOS_DEPLOYMENT_TARGET = 18.0;
				MARKETING_VERSION = 1.0;
				PRODUCT_BUNDLE_IDENTIFIER = "Team-Focus.GCI-200-1-Tests";
				PRODUCT_NAME = "$(TARGET_NAME)";
				SWIFT_EMIT_LOC_STRINGS = NO;
				SWIFT_VERSION = 5.0;
				TARGETED_DEVICE_FAMILY = "1,2";
				TEST_HOST = "$(BUILT_PRODUCTS_DIR)/GCI-200(1).app/$(BUNDLE_EXECUTABLE_FOLDER_PATH)/GCI-200(1)";
			};
			name = Debug;
		};
		724090E52CBB5AD000910F98 /* Release */ = {
			isa = XCBuildConfiguration;
			buildSettings = {
				BUNDLE_LOADER = "$(TEST_HOST)";
				CODE_SIGN_STYLE = Automatic;
				CURRENT_PROJECT_VERSION = 1;
				GENERATE_INFOPLIST_FILE = YES;
				IPHONEOS_DEPLOYMENT_TARGET = 18.0;
				MARKETING_VERSION = 1.0;
				PRODUCT_BUNDLE_IDENTIFIER = "Team-Focus.GCI-200-1-Tests";
				PRODUCT_NAME = "$(TARGET_NAME)";
				SWIFT_EMIT_LOC_STRINGS = NO;
				SWIFT_VERSION = 5.0;
				TARGETED_DEVICE_FAMILY = "1,2";
				TEST_HOST = "$(BUILT_PRODUCTS_DIR)/GCI-200(1).app/$(BUNDLE_EXECUTABLE_FOLDER_PATH)/GCI-200(1)";
			};
			name = Release;
		};
		724090E72CBB5AD000910F98 /* Debug */ = {
			isa = XCBuildConfiguration;
			buildSettings = {
				CODE_SIGN_STYLE = Automatic;
				CURRENT_PROJECT_VERSION = 1;
				GENERATE_INFOPLIST_FILE = YES;
				MARKETING_VERSION = 1.0;
				PRODUCT_BUNDLE_IDENTIFIER = "Team-Focus.GCI-200-1-UITests";
				PRODUCT_NAME = "$(TARGET_NAME)";
				SWIFT_EMIT_LOC_STRINGS = NO;
				SWIFT_VERSION = 5.0;
				TARGETED_DEVICE_FAMILY = "1,2";
				TEST_TARGET_NAME = "GCI-200(1)";
			};
			name = Debug;
		};
		724090E82CBB5AD000910F98 /* Release */ = {
			isa = XCBuildConfiguration;
			buildSettings = {
				CODE_SIGN_STYLE = Automatic;
				CURRENT_PROJECT_VERSION = 1;
				GENERATE_INFOPLIST_FILE = YES;
				MARKETING_VERSION = 1.0;
				PRODUCT_BUNDLE_IDENTIFIER = "Team-Focus.GCI-200-1-UITests";
				PRODUCT_NAME = "$(TARGET_NAME)";
				SWIFT_EMIT_LOC_STRINGS = NO;
				SWIFT_VERSION = 5.0;
				TARGETED_DEVICE_FAMILY = "1,2";
				TEST_TARGET_NAME = "GCI-200(1)";
			};
			name = Release;
		};
/* End XCBuildConfiguration section */

/* Begin XCConfigurationList section */
		724090B52CBB5ACE00910F98 /* Build configuration list for PBXProject "GCI-200(1)" */ = {
			isa = XCConfigurationList;
			buildConfigurations = (
				724090DE2CBB5AD000910F98 /* Debug */,
				724090DF2CBB5AD000910F98 /* Release */,
			);
			defaultConfigurationIsVisible = 0;
			defaultConfigurationName = Release;
		};
		724090E02CBB5AD000910F98 /* Build configuration list for PBXNativeTarget "GCI-200(1)" */ = {
			isa = XCConfigurationList;
			buildConfigurations = (
				724090E12CBB5AD000910F98 /* Debug */,
				724090E22CBB5AD000910F98 /* Release */,
			);
			defaultConfigurationIsVisible = 0;
			defaultConfigurationName = Release;
		};
		724090E32CBB5AD000910F98 /* Build configuration list for PBXNativeTarget "GCI-200(1)Tests" */ = {
			isa = XCConfigurationList;
			buildConfigurations = (
				724090E42CBB5AD000910F98 /* Debug */,
				724090E52CBB5AD000910F98 /* Release */,
			);
			defaultConfigurationIsVisible = 0;
			defaultConfigurationName = Release;
		};
		724090E62CBB5AD000910F98 /* Build configuration list for PBXNativeTarget "GCI-200(1)UITests" */ = {
			isa = XCConfigurationList;
			buildConfigurations = (
				724090E72CBB5AD000910F98 /* Debug */,
				724090E82CBB5AD000910F98 /* Release */,
			);
			defaultConfigurationIsVisible = 0;
			defaultConfigurationName = Release;
		};
/* End XCConfigurationList section */
	};
	rootObject = 724090B22CBB5ACE00910F98 /* Project object */;
}
